<?xml version="1.0" encoding="UTF-8"?>
<Scheme
   LastUpgradeVersion = "1330"
   version = "1.3">
   <BuildAction
      parallelizeBuildables = "YES"
      buildImplicitDependencies = "YES">
      <BuildActionEntries>
         <BuildActionEntry
            buildForTesting = "YES"
            buildForRunning = "YES"
            buildForProfiling = "YES"
            buildForArchiving = "YES"
            buildForAnalyzing = "YES">
            <BuildableReference
               BuildableIdentifier = "primary"
               BlueprintIdentifier = "A541589427F3280900C851A2"
               BuildableName = "Reciptopia.app"
               BlueprintName = "Reciptopia"
               ReferencedContainer = "container:Reciptopia.xcodeproj">
            </BuildableReference>
         </BuildActionEntry>
      </BuildActionEntries>
   </BuildAction>
   <TestAction
      buildConfiguration = "Debug"
      selectedDebuggerIdentifier = "Xcode.DebuggerFoundation.Debugger.LLDB"
      selectedLauncherIdentifier = "Xcode.DebuggerFoundation.Launcher.LLDB"
      shouldUseLaunchSchemeArgsEnv = "YES"
      codeCoverageEnabled = "YES"
      onlyGenerateCoverageForSpecifiedTargets = "YES">
      <CodeCoverageTargets>
         <BuildableReference
            BuildableIdentifier = "primary"
            BlueprintIdentifier = "A541589427F3280900C851A2"
            BuildableName = "Reciptopia.app"
            BlueprintName = "Reciptopia"
            ReferencedContainer = "container:Reciptopia.xcodeproj">
         </BuildableReference>
         <BuildableReference
            BuildableIdentifier = "primary"
            BlueprintIdentifier = "A54158AA27F3280A00C851A2"
            BuildableName = "ReciptopiaTests.xctest"
            BlueprintName = "ReciptopiaTests"
            ReferencedContainer = "container:Reciptopia.xcodeproj">
         </BuildableReference>
         <BuildableReference
            BuildableIdentifier = "primary"
            BlueprintIdentifier = "A54158F027F3293C00C851A2"
            BuildableName = "ReciptopiaUIKit.framework"
            BlueprintName = "ReciptopiaUIKit"
            ReferencedContainer = "container:Reciptopia.xcodeproj">
         </BuildableReference>
         <BuildableReference
            BuildableIdentifier = "primary"
            BlueprintIdentifier = "A54158F727F3293C00C851A2"
            BuildableName = "ReciptopiaUIKitTests.xctest"
            BlueprintName = "ReciptopiaUIKitTests"
            ReferencedContainer = "container:Reciptopia.xcodeproj">
         </BuildableReference>
         <BuildableReference
            BuildableIdentifier = "primary"
            BlueprintIdentifier = "A54158CD27F328AB00C851A2"
            BuildableName = "Reciptopia_iOS.framework"
            BlueprintName = "Reciptopia_iOS"
            ReferencedContainer = "container:Reciptopia.xcodeproj">
         </BuildableReference>
         <BuildableReference
            BuildableIdentifier = "primary"
            BlueprintIdentifier = "A54158D427F328AB00C851A2"
            BuildableName = "Reciptopia_iOSTests.xctest"
            BlueprintName = "Reciptopia_iOSTests"
            ReferencedContainer = "container:Reciptopia.xcodeproj">
         </BuildableReference>
      </CodeCoverageTargets>
      <Testables>
         <TestableReference
            skipped = "NO">
            <BuildableReference
               BuildableIdentifier = "primary"
               BlueprintIdentifier = "A54158AA27F3280A00C851A2"
               BuildableName = "ReciptopiaTests.xctest"
               BlueprintName = "ReciptopiaTests"
               ReferencedContainer = "container:Reciptopia.xcodeproj">
            </BuildableReference>
         </TestableReference>
         <TestableReference
            skipped = "NO">
            <BuildableReference
               BuildableIdentifier = "primary"
               BlueprintIdentifier = "A54158B427F3280A00C851A2"
               BuildableName = "ReciptopiaUITests.xctest"
               BlueprintName = "ReciptopiaUITests"
               ReferencedContainer = "container:Reciptopia.xcodeproj">
            </BuildableReference>
         </TestableReference>
         <TestableReference
            skipped = "NO">
            <BuildableReference
               BuildableIdentifier = "primary"
               BlueprintIdentifier = "A54158D427F328AB00C851A2"
               BuildableName = "Reciptopia_iOSTests.xctest"
               BlueprintName = "Reciptopia_iOSTests"
               ReferencedContainer = "container:Reciptopia.xcodeproj">
            </BuildableReference>
         </TestableReference>
         <TestableReference
            skipped = "NO">
            <BuildableReference
               BuildableIdentifier = "primary"
               BlueprintIdentifier = "A54158F727F3293C00C851A2"
               BuildableName = "ReciptopiaUIKitTests.xctest"
               BlueprintName = "ReciptopiaUIKitTests"
               ReferencedContainer = "container:Reciptopia.xcodeproj">
            </BuildableReference>
         </TestableReference>
         <TestableReference
            skipped = "NO">
            <BuildableReference
               BuildableIdentifier = "primary"
               BlueprintIdentifier = "A566D6DD27F6F270000D2B46"
               BuildableName = "ReciptopiaKitTests.xctest"
               BlueprintName = "ReciptopiaKitTests"
               ReferencedContainer = "container:Reciptopia.xcodeproj">
            </BuildableReference>
         </TestableReference>
      </Testables>
   </TestAction>
   <LaunchAction
      buildConfiguration = "Debug"
      selectedDebuggerIdentifier = "Xcode.DebuggerFoundation.Debugger.LLDB"
      selectedLauncherIdentifier = "Xcode.DebuggerFoundation.Launcher.LLDB"
      launchStyle = "0"
      useCustomWorkingDirectory = "NO"
      ignoresPersistentStateOnLaunch = "NO"
      debugDocumentVersioning = "YES"
      debugServiceExtension = "internal"
      allowLocationSimulation = "YES">
      <BuildableProductRunnable
         runnableDebuggingMode = "0">
         <BuildableReference
            BuildableIdentifier = "primary"
            BlueprintIdentifier = "A541589427F3280900C851A2"
            BuildableName = "Reciptopia.app"
            BlueprintName = "Reciptopia"
            ReferencedContainer = "container:Reciptopia.xcodeproj">
         </BuildableReference>
      </BuildableProductRunnable>
   </LaunchAction>
   <ProfileAction
      buildConfiguration = "Release"
      shouldUseLaunchSchemeArgsEnv = "YES"
      savedToolIdentifier = ""
      useCustomWorkingDirectory = "NO"
      debugDocumentVersioning = "YES">
      <BuildableProductRunnable
         runnableDebuggingMode = "0">
         <BuildableReference
            BuildableIdentifier = "primary"
            BlueprintIdentifier = "A541589427F3280900C851A2"
            BuildableName = "Reciptopia.app"
            BlueprintName = "Reciptopia"
            ReferencedContainer = "container:Reciptopia.xcodeproj">
         </BuildableReference>
      </BuildableProductRunnable>
   </ProfileAction>
   <AnalyzeAction
      buildConfiguration = "Debug">
   </AnalyzeAction>
   <ArchiveAction
      buildConfiguration = "Release"
      revealArchiveInOrganizer = "YES">
   </ArchiveAction>
</Scheme>
